
Microsoft Visual Studio Solution File, Format Version 12.00
# Visual Studio Version 17
VisualStudioVersion = 17.0.32126.317
MinimumVisualStudioVersion = 10.0.40219.1
Project("{FAE04EC0-301F-11D3-BF4B-00C04F79EFBC}") = "Sort an array in one swap", "Sort an array in one swap\Sort an array in one swap.csproj", "{A7FC16F4-03F3-4C57-8B8C-2900E7928B2B}"
EndProject
Global
	GlobalSection(SolutionConfigurationPlatforms) = preSolution
		Debug|Any CPU = Debug|Any CPU
		Release|Any CPU = Release|Any CPU
	EndGlobalSection
	GlobalSection(ProjectConfigurationPlatforms) = postSolution
		{A7FC16F4-03F3-4C57-8B8C-2900E7928B2B}.Debug|Any CPU.ActiveCfg = Debug|Any CPU
		{A7FC16F4-03F3-4C57-8B8C-2900E7928B2B}.Debug|Any CPU.Build.0 = Debug|Any CPU
		{A7FC16F4-03F3-4C57-8B8C-2900E7928B2B}.Release|Any CPU.ActiveCfg = Release|Any CPU
		{A7FC16F4-03F3-4C57-8B8C-2900E7928B2B}.Release|Any CPU.Build.0 = Release|Any CPU
	EndGlobalSection
	GlobalSection(SolutionProperties) = preSolution
		HideSolutionNode = FALSE
	EndGlobalSection
	GlobalSection(ExtensibilityGlobals) = postSolution
		SolutionGuid = {C630E846-A118-45E2-B048-ABB39FF61A3A}
	EndGlobalSection
EndGlobal
